
Microsoft Visual Studio Solution File, Format Version 12.00
# Visual Studio 2013
VisualStudioVersion = 12.0.30723.0
MinimumVisualStudioVersion = 10.0.40219.1
Project("{FAE04EC0-301F-11D3-BF4B-00C04F79EFBC}") = "ATMS Server", "ATMS Server\ATMS Server.csproj", "{5C34C8BB-7DF3-461F-8D1B-034F75932822}"
EndProject
Project("{FAE04EC0-301F-11D3-BF4B-00C04F79EFBC}") = "ATMS Model", "ATMS Model\ATMS Model.csproj", "{A44C7C47-A72E-4418-8CAD-CDF9BC3D9CD9}"
EndProject
Project("{FAE04EC0-301F-11D3-BF4B-00C04F79EFBC}") = "ATMS Client", "ATMS Client\ATMS Client.csproj", "{D5F02848-BEFA-492D-A22E-529FB2D83E63}"
	ProjectSection(ProjectDependencies) = postProject
		{5C34C8BB-7DF3-461F-8D1B-034F75932822} = {5C34C8BB-7DF3-461F-8D1B-034F75932822}
	EndProjectSection
EndProject
Project("{FAE04EC0-301F-11D3-BF4B-00C04F79EFBC}") = "ATMSHost", "ATMSHost\ATMSHost.csproj", "{0BEF71D8-9C78-4587-B907-48FD928629A8}"
EndProject
Project("{FAE04EC0-301F-11D3-BF4B-00C04F79EFBC}") = "Client", "Client\Client.csproj", "{67C088CF-29CF-4E94-9B11-C77D2E767166}"
	ProjectSection(ProjectDependencies) = postProject
		{5C34C8BB-7DF3-461F-8D1B-034F75932822} = {5C34C8BB-7DF3-461F-8D1B-034F75932822}
	EndProjectSection
EndProject
Global
	GlobalSection(SolutionConfigurationPlatforms) = preSolution
		Debug|Any CPU = Debug|Any CPU
		Release|Any CPU = Release|Any CPU
	EndGlobalSection
	GlobalSection(ProjectConfigurationPlatforms) = postSolution
		{5C34C8BB-7DF3-461F-8D1B-034F75932822}.Debug|Any CPU.ActiveCfg = Debug|Any CPU
		{5C34C8BB-7DF3-461F-8D1B-034F75932822}.Debug|Any CPU.Build.0 = Debug|Any CPU
		{5C34C8BB-7DF3-461F-8D1B-034F75932822}.Release|Any CPU.ActiveCfg = Release|Any CPU
		{5C34C8BB-7DF3-461F-8D1B-034F75932822}.Release|Any CPU.Build.0 = Release|Any CPU
		{A44C7C47-A72E-4418-8CAD-CDF9BC3D9CD9}.Debug|Any CPU.ActiveCfg = Debug|Any CPU
		{A44C7C47-A72E-4418-8CAD-CDF9BC3D9CD9}.Debug|Any CPU.Build.0 = Debug|Any CPU
		{A44C7C47-A72E-4418-8CAD-CDF9BC3D9CD9}.Release|Any CPU.ActiveCfg = Release|Any CPU
		{A44C7C47-A72E-4418-8CAD-CDF9BC3D9CD9}.Release|Any CPU.Build.0 = Release|Any CPU
		{D5F02848-BEFA-492D-A22E-529FB2D83E63}.Debug|Any CPU.ActiveCfg = Debug|Any CPU
		{D5F02848-BEFA-492D-A22E-529FB2D83E63}.Debug|Any CPU.Build.0 = Debug|Any CPU
		{D5F02848-BEFA-492D-A22E-529FB2D83E63}.Release|Any CPU.ActiveCfg = Release|Any CPU
		{D5F02848-BEFA-492D-A22E-529FB2D83E63}.Release|Any CPU.Build.0 = Release|Any CPU
		{0BEF71D8-9C78-4587-B907-48FD928629A8}.Debug|Any CPU.ActiveCfg = Debug|Any CPU
		{0BEF71D8-9C78-4587-B907-48FD928629A8}.Debug|Any CPU.Build.0 = Debug|Any CPU
		{0BEF71D8-9C78-4587-B907-48FD928629A8}.Release|Any CPU.ActiveCfg = Release|Any CPU
		{0BEF71D8-9C78-4587-B907-48FD928629A8}.Release|Any CPU.Build.0 = Release|Any CPU
		{67C088CF-29CF-4E94-9B11-C77D2E767166}.Debug|Any CPU.ActiveCfg = Debug|Any CPU
		{67C088CF-29CF-4E94-9B11-C77D2E767166}.Debug|Any CPU.Build.0 = Debug|Any CPU
		{67C088CF-29CF-4E94-9B11-C77D2E767166}.Release|Any CPU.ActiveCfg = Release|Any CPU
		{67C088CF-29CF-4E94-9B11-C77D2E767166}.Release|Any CPU.Build.0 = Release|Any CPU
	EndGlobalSection
	GlobalSection(SolutionProperties) = preSolution
		HideSolutionNode = FALSE
	EndGlobalSection
EndGlobal
